
Microsoft Visual Studio Solution File, Format Version 12.00
# Visual Studio 15
VisualStudioVersion = 15.0.26430.14
MinimumVisualStudioVersion = 10.0.40219.1
Project("{FAE04EC0-301F-11D3-BF4B-00C04F79EFBC}") = "ComicBookLibraryManager", "ComicBookLibraryManager\ComicBookLibraryManager.csproj", "{D30BE089-4B9E-4532-ABE8-5F33EF03C585}"
EndProject
Project("{FAE04EC0-301F-11D3-BF4B-00C04F79EFBC}") = "ComicBookShared", "ComicBookShared\ComicBookShared.csproj", "{A2D69C35-2482-4AA3-A33D-58C96C15788B}"
EndProject
Project("{FAE04EC0-301F-11D3-BF4B-00C04F79EFBC}") = "ComicBookLibaryManagerWebApp", "ComicBookLibaryManagerWebApp\ComicBookLibaryManagerWebApp.csproj", "{B79C48EE-52E3-4DE3-97F5-422575231087}"
EndProject
Global
	GlobalSection(SolutionConfigurationPlatforms) = preSolution
		Debug|Any CPU = Debug|Any CPU
		Release|Any CPU = Release|Any CPU
	EndGlobalSection
	GlobalSection(ProjectConfigurationPlatforms) = postSolution
		{D30BE089-4B9E-4532-ABE8-5F33EF03C585}.Debug|Any CPU.ActiveCfg = Debug|Any CPU
		{D30BE089-4B9E-4532-ABE8-5F33EF03C585}.Debug|Any CPU.Build.0 = Debug|Any CPU
		{D30BE089-4B9E-4532-ABE8-5F33EF03C585}.Release|Any CPU.ActiveCfg = Release|Any CPU
		{D30BE089-4B9E-4532-ABE8-5F33EF03C585}.Release|Any CPU.Build.0 = Release|Any CPU
		{A2D69C35-2482-4AA3-A33D-58C96C15788B}.Debug|Any CPU.ActiveCfg = Debug|Any CPU
		{A2D69C35-2482-4AA3-A33D-58C96C15788B}.Debug|Any CPU.Build.0 = Debug|Any CPU
		{A2D69C35-2482-4AA3-A33D-58C96C15788B}.Release|Any CPU.ActiveCfg = Release|Any CPU
		{A2D69C35-2482-4AA3-A33D-58C96C15788B}.Release|Any CPU.Build.0 = Release|Any CPU
		{B79C48EE-52E3-4DE3-97F5-422575231087}.Debug|Any CPU.ActiveCfg = Debug|Any CPU
		{B79C48EE-52E3-4DE3-97F5-422575231087}.Debug|Any CPU.Build.0 = Debug|Any CPU
		{B79C48EE-52E3-4DE3-97F5-422575231087}.Release|Any CPU.ActiveCfg = Release|Any CPU
		{B79C48EE-52E3-4DE3-97F5-422575231087}.Release|Any CPU.Build.0 = Release|Any CPU
	EndGlobalSection
	GlobalSection(SolutionProperties) = preSolution
		HideSolutionNode = FALSE
	EndGlobalSection
EndGlobal
